
Microsoft Visual Studio Solution File, Format Version 12.00
# Visual Studio Version 17
VisualStudioVersion = 17.6.33829.357
MinimumVisualStudioVersion = 10.0.40219.1
Project("{FAE04EC0-301F-11D3-BF4B-00C04F79EFBC}") = "words", "words.csproj", "{94BB1582-61C1-4198-A54B-FD0D9FC7BE8E}"
EndProject
Global
	GlobalSection(SolutionConfigurationPlatforms) = preSolution
		Debug|Any CPU = Debug|Any CPU
		Release|Any CPU = Release|Any CPU
	EndGlobalSection
	GlobalSection(ProjectConfigurationPlatforms) = postSolution
		{94BB1582-61C1-4198-A54B-FD0D9FC7BE8E}.Debug|Any CPU.ActiveCfg = Debug|Any CPU
		{94BB1582-61C1-4198-A54B-FD0D9FC7BE8E}.Debug|Any CPU.Build.0 = Debug|Any CPU
		{94BB1582-61C1-4198-A54B-FD0D9FC7BE8E}.Release|Any CPU.ActiveCfg = Release|Any CPU
		{94BB1582-61C1-4198-A54B-FD0D9FC7BE8E}.Release|Any CPU.Build.0 = Release|Any CPU
	EndGlobalSection
	GlobalSection(SolutionProperties) = preSolution
		HideSolutionNode = FALSE
	EndGlobalSection
	GlobalSection(ExtensibilityGlobals) = postSolution
		SolutionGuid = {12F556C9-A987-4434-9A02-C522B01EABD8}
	EndGlobalSection
EndGlobal
